// !$*UTF8*$!
{
	archiveVersion = 1;
	classes = {
	};
	objectVersion = 46;
	objects = {

/* Begin PBXBuildFile section */
		4DC99C351D3CC42E0045FB7E /* DiagnosedHappinessViewController.swift in Sources */ = {isa = PBXBuildFile; fileRef = 4DC99C2F1D3CC42E0045FB7E /* DiagnosedHappinessViewController.swift */; };
		4DC99C361D3CC42E0045FB7E /* FaceView.swift in Sources */ = {isa = PBXBuildFile; fileRef = 4DC99C301D3CC42E0045FB7E /* FaceView.swift */; };
		4DC99C371D3CC42E0045FB7E /* HappinessViewController.swift in Sources */ = {isa = PBXBuildFile; fileRef = 4DC99C311D3CC42E0045FB7E /* HappinessViewController.swift */; };
		4DC99C381D3CC42E0045FB7E /* Main.storyboard in Resources */ = {isa = PBXBuildFile; fileRef = 4DC99C321D3CC42E0045FB7E /* Main.storyboard */; };
		4DC99C391D3CC42E0045FB7E /* PsychologistViewController.swift in Sources */ = {isa = PBXBuildFile; fileRef = 4DC99C331D3CC42E0045FB7E /* PsychologistViewController.swift */; };
		4DC99C3A1D3CC42E0045FB7E /* TextViewController.swift in Sources */ = {isa = PBXBuildFile; fileRef = 4DC99C341D3CC42E0045FB7E /* TextViewController.swift */; };
		4DD6BEDF1D38E2FB006426D0 /* AppDelegate.swift in Sources */ = {isa = PBXBuildFile; fileRef = 4DD6BEDE1D38E2FB006426D0 /* AppDelegate.swift */; };
		4DD6BEE61D38E2FB006426D0 /* Assets.xcassets in Resources */ = {isa = PBXBuildFile; fileRef = 4DD6BEE51D38E2FB006426D0 /* Assets.xcassets */; };
		4DD6BEE91D38E2FB006426D0 /* LaunchScreen.storyboard in Resources */ = {isa = PBXBuildFile; fileRef = 4DD6BEE71D38E2FB006426D0 /* LaunchScreen.storyboard */; };
		4DD6BEF41D38E2FB006426D0 /* PsychologistTests.swift in Sources */ = {isa = PBXBuildFile; fileRef = 4DD6BEF31D38E2FB006426D0 /* PsychologistTests.swift */; };
		4DD6BEFF1D38E2FB006426D0 /* PsychologistUITests.swift in Sources */ = {isa = PBXBuildFile; fileRef = 4DD6BEFE1D38E2FB006426D0 /* PsychologistUITests.swift */; };
/* End PBXBuildFile section */

/* Begin PBXContainerItemProxy section */
		4DD6BEF01D38E2FB006426D0 /* PBXContainerItemProxy */ = {
			isa = PBXContainerItemProxy;
			containerPortal = 4DD6BED31D38E2FB006426D0 /* Project object */;
			proxyType = 1;
			remoteGlobalIDString = 4DD6BEDA1D38E2FB006426D0;
			remoteInfo = Psychologist;
		};
		4DD6BEFB1D38E2FB006426D0 /* PBXContainerItemProxy */ = {
			isa = PBXContainerItemProxy;
			containerPortal = 4DD6BED31D38E2FB006426D0 /* Project object */;
			proxyType = 1;
			remoteGlobalIDString = 4DD6BEDA1D38E2FB006426D0;
			remoteInfo = Psychologist;
		};
/* End PBXContainerItemProxy section */

/* Begin PBXFileReference section */
		4DC99C2F1D3CC42E0045FB7E /* DiagnosedHappinessViewController.swift */ = {isa = PBXFileReference; fileEncoding = 4; lastKnownFileType = sourcecode.swift; path = DiagnosedHappinessViewController.swift; sourceTree = "<group>"; };
		4DC99C301D3CC42E0045FB7E /* FaceView.swift */ = {isa = PBXFileReference; fileEncoding = 4; lastKnownFileType = sourcecode.swift; path = FaceView.swift; sourceTree = "<group>"; };
		4DC99C311D3CC42E0045FB7E /* HappinessViewController.swift */ = {isa = PBXFileReference; fileEncoding = 4; lastKnownFileType = sourcecode.swift; path = HappinessViewController.swift; sourceTree = "<group>"; };
		4DC99C321D3CC42E0045FB7E /* Main.storyboard */ = {isa = PBXFileReference; fileEncoding = 4; lastKnownFileType = file.storyboard; path = Main.storyboard; sourceTree = "<group>"; };
		4DC99C331D3CC42E0045FB7E /* PsychologistViewController.swift */ = {isa = PBXFileReference; fileEncoding = 4; lastKnownFileType = sourcecode.swift; path = PsychologistViewController.swift; sourceTree = "<group>"; };
		4DC99C341D3CC42E0045FB7E /* TextViewController.swift */ = {isa = PBXFileReference; fileEncoding = 4; lastKnownFileType = sourcecode.swift; path = TextViewController.swift; sourceTree = "<group>"; };
		4DD6BEDB1D38E2FB006426D0 /* Psychologist.app */ = {isa = PBXFileReference; explicitFileType = wrapper.application; includeInIndex = 0; path = Psychologist.app; sourceTree = BUILT_PRODUCTS_DIR; };
		4DD6BEDE1D38E2FB006426D0 /* AppDelegate.swift */ = {isa = PBXFileReference; lastKnownFileType = sourcecode.swift; path = AppDelegate.swift; sourceTree = "<group>"; };
		4DD6BEE51D38E2FB006426D0 /* Assets.xcassets */ = {isa = PBXFileReference; lastKnownFileType = folder.assetcatalog; path = Assets.xcassets; sourceTree = "<group>"; };
		4DD6BEE81D38E2FB006426D0 /* Base */ = {isa = PBXFileReference; lastKnownFileType = file.storyboard; name = Base; path = Base.lproj/LaunchScreen.storyboard; sourceTree = "<group>"; };
		4DD6BEEA1D38E2FB006426D0 /* Info.plist */ = {isa = PBXFileReference; lastKnownFileType = text.plist.xml; path = Info.plist; sourceTree = "<group>"; };
		4DD6BEEF1D38E2FB006426D0 /* PsychologistTests.xctest */ = {isa = PBXFileReference; explicitFileType = wrapper.cfbundle; includeInIndex = 0; path = PsychologistTests.xctest; sourceTree = BUILT_PRODUCTS_DIR; };
		4DD6BEF31D38E2FB006426D0 /* PsychologistTests.swift */ = {isa = PBXFileReference; lastKnownFileType = sourcecode.swift; path = PsychologistTests.swift; sourceTree = "<group>"; };
		4DD6BEF51D38E2FB006426D0 /* Info.plist */ = {isa = PBXFileReference; lastKnownFileType = text.plist.xml; path = Info.plist; sourceTree = "<group>"; };
		4DD6BEFA1D38E2FB006426D0 /* PsychologistUITests.xctest */ = {isa = PBXFileReference; explicitFileType = wrapper.cfbundle; includeInIndex = 0; path = PsychologistUITests.xctest; sourceTree = BUILT_PRODUCTS_DIR; };
		4DD6BEFE1D38E2FB006426D0 /* PsychologistUITests.swift */ = {isa = PBXFileReference; lastKnownFileType = sourcecode.swift; path = PsychologistUITests.swift; sourceTree = "<group>"; };
		4DD6BF001D38E2FB006426D0 /* Info.plist */ = {isa = PBXFileReference; lastKnownFileType = text.plist.xml; path = Info.plist; sourceTree = "<group>"; };
/* End PBXFileReference section */

/* Begin PBXFrameworksBuildPhase section */
		4DD6BED81D38E2FB006426D0 /* Frameworks */ = {
			isa = PBXFrameworksBuildPhase;
			buildActionMask = 2147483647;
			files = (
			);
			runOnlyForDeploymentPostprocessing = 0;
		};
		4DD6BEEC1D38E2FB006426D0 /* Frameworks */ = {
			isa = PBXFrameworksBuildPhase;
			buildActionMask = 2147483647;
			files = (
			);
			runOnlyForDeploymentPostprocessing = 0;
		};
		4DD6BEF71D38E2FB006426D0 /* Frameworks */ = {
			isa = PBXFrameworksBuildPhase;
			buildActionMask = 2147483647;
			files = (
			);
			runOnlyForDeploymentPostprocessing = 0;
		};
/* End PBXFrameworksBuildPhase section */

/* Begin PBXGroup section */
		4DD6BED21D38E2FB006426D0 = {
			isa = PBXGroup;
			children = (
				4DD6BEDD1D38E2FB006426D0 /* Psychologist */,
				4DD6BEF21D38E2FB006426D0 /* PsychologistTests */,
				4DD6BEFD1D38E2FB006426D0 /* PsychologistUITests */,
				4DD6BEDC1D38E2FB006426D0 /* Products */,
			);
			sourceTree = "<group>";
		};
		4DD6BEDC1D38E2FB006426D0 /* Products */ = {
			isa = PBXGroup;
			children = (
				4DD6BEDB1D38E2FB006426D0 /* Psychologist.app */,
				4DD6BEEF1D38E2FB006426D0 /* PsychologistTests.xctest */,
				4DD6BEFA1D38E2FB006426D0 /* PsychologistUITests.xctest */,
			);
			name = Products;
			sourceTree = "<group>";
		};
		4DD6BEDD1D38E2FB006426D0 /* Psychologist */ = {
			isa = PBXGroup;
			children = (
				4DC99C2F1D3CC42E0045FB7E /* DiagnosedHappinessViewController.swift */,
				4DC99C301D3CC42E0045FB7E /* FaceView.swift */,
				4DC99C311D3CC42E0045FB7E /* HappinessViewController.swift */,
				4DC99C321D3CC42E0045FB7E /* Main.storyboard */,
				4DC99C331D3CC42E0045FB7E /* PsychologistViewController.swift */,
				4DC99C341D3CC42E0045FB7E /* TextViewController.swift */,
				4DD6BEE51D38E2FB006426D0 /* Assets.xcassets */,
				4DD6BEDE1D38E2FB006426D0 /* AppDelegate.swift */,
				4DD6BEE71D38E2FB006426D0 /* LaunchScreen.storyboard */,
				4DD6BEEA1D38E2FB006426D0 /* Info.plist */,
			);
			path = Psychologist;
			sourceTree = "<group>";
		};
		4DD6BEF21D38E2FB006426D0 /* PsychologistTests */ = {
			isa = PBXGroup;
			children = (
				4DD6BEF31D38E2FB006426D0 /* PsychologistTests.swift */,
				4DD6BEF51D38E2FB006426D0 /* Info.plist */,
			);
			path = PsychologistTests;
			sourceTree = "<group>";
		};
		4DD6BEFD1D38E2FB006426D0 /* PsychologistUITests */ = {
			isa = PBXGroup;
			children = (
				4DD6BEFE1D38E2FB006426D0 /* PsychologistUITests.swift */,
				4DD6BF001D38E2FB006426D0 /* Info.plist */,
			);
			path = PsychologistUITests;
			sourceTree = "<group>";
		};
/* End PBXGroup section */

/* Begin PBXNativeTarget section */
		4DD6BEDA1D38E2FB006426D0 /* Psychologist */ = {
			isa = PBXNativeTarget;
			buildConfigurationList = 4DD6BF031D38E2FB006426D0 /* Build configuration list for PBXNativeTarget "Psychologist" */;
			buildPhases = (
				4DD6BED71D38E2FB006426D0 /* Sources */,
				4DD6BED81D38E2FB006426D0 /* Frameworks */,
				4DD6BED91D38E2FB006426D0 /* Resources */,
			);
			buildRules = (
			);
			dependencies = (
			);
			name = Psychologist;
			productName = Psychologist;
			productReference = 4DD6BEDB1D38E2FB006426D0 /* Psychologist.app */;
			productType = "com.apple.product-type.application";
		};
		4DD6BEEE1D38E2FB006426D0 /* PsychologistTests */ = {
			isa = PBXNativeTarget;
			buildConfigurationList = 4DD6BF061D38E2FB006426D0 /* Build configuration list for PBXNativeTarget "PsychologistTests" */;
			buildPhases = (
				4DD6BEEB1D38E2FB006426D0 /* Sources */,
				4DD6BEEC1D38E2FB006426D0 /* Frameworks */,
				4DD6BEED1D38E2FB006426D0 /* Resources */,
			);
			buildRules = (
			);
			dependencies = (
				4DD6BEF11D38E2FB006426D0 /* PBXTargetDependency */,
			);
			name = PsychologistTests;
			productName = PsychologistTests;
			productReference = 4DD6BEEF1D38E2FB006426D0 /* PsychologistTests.xctest */;
			productType = "com.apple.product-type.bundle.unit-test";
		};
		4DD6BEF91D38E2FB006426D0 /* PsychologistUITests */ = {
			isa = PBXNativeTarget;
			buildConfigurationList = 4DD6BF091D38E2FB006426D0 /* Build configuration list for PBXNativeTarget "PsychologistUITests" */;
			buildPhases = (
				4DD6BEF61D38E2FB006426D0 /* Sources */,
				4DD6BEF71D38E2FB006426D0 /* Frameworks */,
				4DD6BEF81D38E2FB006426D0 /* Resources */,
			);
			buildRules = (
			);
			dependencies = (
				4DD6BEFC1D38E2FB006426D0 /* PBXTargetDependency */,
			);
			name = PsychologistUITests;
			productName = PsychologistUITests;
			productReference = 4DD6BEFA1D38E2FB006426D0 /* PsychologistUITests.xctest */;
			productType = "com.apple.product-type.bundle.ui-testing";
		};
/* End PBXNativeTarget section */

/* Begin PBXProject section */
		4DD6BED31D38E2FB006426D0 /* Project object */ = {
			isa = PBXProject;
			attributes = {
				LastSwiftUpdateCheck = 0730;
				LastUpgradeCheck = 0730;
				ORGANIZATIONNAME = MDJD;
				TargetAttributes = {
					4DD6BEDA1D38E2FB006426D0 = {
						CreatedOnToolsVersion = 7.3.1;
						DevelopmentTeam = 7R97N635RG;
					};
					4DD6BEEE1D38E2FB006426D0 = {
						CreatedOnToolsVersion = 7.3.1;
						DevelopmentTeam = 7R97N635RG;
						TestTargetID = 4DD6BEDA1D38E2FB006426D0;
					};
					4DD6BEF91D38E2FB006426D0 = {
						CreatedOnToolsVersion = 7.3.1;
						DevelopmentTeam = 7R97N635RG;
						TestTargetID = 4DD6BEDA1D38E2FB006426D0;
					};
				};
			};
			buildConfigurationList = 4DD6BED61D38E2FB006426D0 /* Build configuration list for PBXProject "Psychologist" */;
			compatibilityVersion = "Xcode 3.2";
			developmentRegion = English;
			hasScannedForEncodings = 0;
			knownRegions = (
				en,
				Base,
			);
			mainGroup = 4DD6BED21D38E2FB006426D0;
			productRefGroup = 4DD6BEDC1D38E2FB006426D0 /* Products */;
			projectDirPath = "";
			projectRoot = "";
			targets = (
				4DD6BEDA1D38E2FB006426D0 /* Psychologist */,
				4DD6BEEE1D38E2FB006426D0 /* PsychologistTests */,
				4DD6BEF91D38E2FB006426D0 /* PsychologistUITests */,
			);
		};
/* End PBXProject section */

/* Begin PBXResourcesBuildPhase section */
		4DD6BED91D38E2FB006426D0 /* Resources */ = {
			isa = PBXResourcesBuildPhase;
			buildActionMask = 2147483647;
			files = (
				4DC99C381D3CC42E0045FB7E /* Main.storyboard in Resources */,
				4DD6BEE91D38E2FB006426D0 /* LaunchScreen.storyboard in Resources */,
				4DD6BEE61D38E2FB006426D0 /* Assets.xcassets in Resources */,
			);
			runOnlyForDeploymentPostprocessing = 0;
		};
		4DD6BEED1D38E2FB006426D0 /* Resources */ = {
			isa = PBXResourcesBuildPhase;
			buildActionMask = 2147483647;
			files = (
			);
			runOnlyForDeploymentPostprocessing = 0;
		};
		4DD6BEF81D38E2FB006426D0 /* Resources */ = {
			isa = PBXResourcesBuildPhase;
			buildActionMask = 2147483647;
			files = (
			);
			runOnlyForDeploymentPostprocessing = 0;
		};
/* End PBXResourcesBuildPhase section */

/* Begin PBXSourcesBuildPhase section */
		4DD6BED71D38E2FB006426D0 /* Sources */ = {
			isa = PBXSourcesBuildPhase;
			buildActionMask = 2147483647;
			files = (
				4DD6BEDF1D38E2FB006426D0 /* AppDelegate.swift in Sources */,
				4DC99C351D3CC42E0045FB7E /* DiagnosedHappinessViewController.swift in Sources */,
				4DC99C391D3CC42E0045FB7E /* PsychologistViewController.swift in Sources */,
				4DC99C371D3CC42E0045FB7E /* HappinessViewController.swift in Sources */,
				4DC99C361D3CC42E0045FB7E /* FaceView.swift in Sources */,
				4DC99C3A1D3CC42E0045FB7E /* TextViewController.swift in Sources */,
			);
			runOnlyForDeploymentPostprocessing = 0;
		};
		4DD6BEEB1D38E2FB006426D0 /* Sources */ = {
			isa = PBXSourcesBuildPhase;
			buildActionMask = 2147483647;
			files = (
				4DD6BEF41D38E2FB006426D0 /* PsychologistTests.swift in Sources */,
			);
			runOnlyForDeploymentPostprocessing = 0;
		};
		4DD6BEF61D38E2FB006426D0 /* Sources */ = {
			isa = PBXSourcesBuildPhase;
			buildActionMask = 2147483647;
			files = (
				4DD6BEFF1D38E2FB006426D0 /* PsychologistUITests.swift in Sources */,
			);
			runOnlyForDeploymentPostprocessing = 0;
		};
/* End PBXSourcesBuildPhase section */

/* Begin PBXTargetDependency section */
		4DD6BEF11D38E2FB006426D0 /* PBXTargetDependency */ = {
			isa = PBXTargetDependency;
			target = 4DD6BEDA1D38E2FB006426D0 /* Psychologist */;
			targetProxy = 4DD6BEF01D38E2FB006426D0 /* PBXContainerItemProxy */;
		};
		4DD6BEFC1D38E2FB006426D0 /* PBXTargetDependency */ = {
			isa = PBXTargetDependency;
			target = 4DD6BEDA1D38E2FB006426D0 /* Psychologist */;
			targetProxy = 4DD6BEFB1D38E2FB006426D0 /* PBXContainerItemProxy */;
		};
/* End PBXTargetDependency section */

/* Begin PBXVariantGroup section */
		4DD6BEE71D38E2FB006426D0 /* LaunchScreen.storyboard */ = {
			isa = PBXVariantGroup;
			children = (
				4DD6BEE81D38E2FB006426D0 /* Base */,
			);
			name = LaunchScreen.storyboard;
			sourceTree = "<group>";
		};
/* End PBXVariantGroup section */

/* Begin XCBuildConfiguration section */
		4DD6BF011D38E2FB006426D0 /* Debug */ = {
			isa = XCBuildConfiguration;
			buildSettings = {
				ALWAYS_SEARCH_USER_PATHS = NO;
				CLANG_ANALYZER_NONNULL = YES;
				CLANG_CXX_LANGUAGE_STANDARD = "gnu++0x";
				CLANG_CXX_LIBRARY = "libc++";
				CLANG_ENABLE_MODULES = YES;
				CLANG_ENABLE_OBJC_ARC = YES;
				CLANG_WARN_BOOL_CONVERSION = YES;
				CLANG_WARN_CONSTANT_CONVERSION = YES;
				CLANG_WARN_DIRECT_OBJC_ISA_USAGE = YES_ERROR;
				CLANG_WARN_EMPTY_BODY = YES;
				CLANG_WARN_ENUM_CONVERSION = YES;
				CLANG_WARN_INT_CONVERSION = YES;
				CLANG_WARN_OBJC_ROOT_CLASS = YES_ERROR;
				CLANG_WARN_UNREACHABLE_CODE = YES;
				CLANG_WARN__DUPLICATE_METHOD_MATCH = YES;
				"CODE_SIGN_IDENTITY[sdk=iphoneos*]" = "iPhone Developer";
				COPY_PHASE_STRIP = NO;
				DEBUG_INFORMATION_FORMAT = dwarf;
				ENABLE_STRICT_OBJC_MSGSEND = YES;
				ENABLE_TESTABILITY = YES;
				GCC_C_LANGUAGE_STANDARD = gnu99;
				GCC_DYNAMIC_NO_PIC = NO;
				GCC_NO_COMMON_BLOCKS = YES;
				GCC_OPTIMIZATION_LEVEL = 0;
				GCC_PREPROCESSOR_DEFINITIONS = (
					"DEBUG=1",
					"$(inherited)",
				);
				GCC_WARN_64_TO_32_BIT_CONVERSION = YES;
				GCC_WARN_ABOUT_RETURN_TYPE = YES_ERROR;
				GCC_WARN_UNDECLARED_SELECTOR = YES;
				GCC_WARN_UNINITIALIZED_AUTOS = YES_AGGRESSIVE;
				GCC_WARN_UNUSED_FUNCTION = YES;
				GCC_WARN_UNUSED_VARIABLE = YES;
				IPHONEOS_DEPLOYMENT_TARGET = 9.3;
				MTL_ENABLE_DEBUG_INFO = YES;
				ONLY_ACTIVE_ARCH = YES;
				SDKROOT = iphoneos;
				SWIFT_OPTIMIZATION_LEVEL = "-Onone";
				TARGETED_DEVICE_FAMILY = "1,2";
			};
			name = Debug;
		};
		4DD6BF021D38E2FB006426D0 /* Release */ = {
			isa = XCBuildConfiguration;
			buildSettings = {
				ALWAYS_SEARCH_USER_PATHS = NO;
				CLANG_ANALYZER_NONNULL = YES;
				CLANG_CXX_LANGUAGE_STANDARD = "gnu++0x";
				CLANG_CXX_LIBRARY = "libc++";
				CLANG_ENABLE_MODULES = YES;
				CLANG_ENABLE_OBJC_ARC = YES;
				CLANG_WARN_BOOL_CONVERSION = YES;
				CLANG_WARN_CONSTANT_CONVERSION = YES;
				CLANG_WARN_DIRECT_OBJC_ISA_USAGE = YES_ERROR;
				CLANG_WARN_EMPTY_BODY = YES;
				CLANG_WARN_ENUM_CONVERSION = YES;
				CLANG_WARN_INT_CONVERSION = YES;
				CLANG_WARN_OBJC_ROOT_CLASS = YES_ERROR;
				CLANG_WARN_UNREACHABLE_CODE = YES;
				CLANG_WARN__DUPLICATE_METHOD_MATCH = YES;
				"CODE_SIGN_IDENTITY[sdk=iphoneos*]" = "iPhone Developer";
				COPY_PHASE_STRIP = NO;
				DEBUG_INFORMATION_FORMAT = "dwarf-with-dsym";
				ENABLE_NS_ASSERTIONS = NO;
				ENABLE_STRICT_OBJC_MSGSEND = YES;
				GCC_C_LANGUAGE_STANDARD = gnu99;
				GCC_NO_COMMON_BLOCKS = YES;
				GCC_WARN_64_TO_32_BIT_CONVERSION = YES;
				GCC_WARN_ABOUT_RETURN_TYPE = YES_ERROR;
				GCC_WARN_UNDECLARED_SELECTOR = YES;
				GCC_WARN_UNINITIALIZED_AUTOS = YES_AGGRESSIVE;
				GCC_WARN_UNUSED_FUNCTION = YES;
				GCC_WARN_UNUSED_VARIABLE = YES;
				IPHONEOS_DEPLOYMENT_TARGET = 9.3;
				MTL_ENABLE_DEBUG_INFO = NO;
				SDKROOT = iphoneos;
				TARGETED_DEVICE_FAMILY = "1,2";
				VALIDATE_PRODUCT = YES;
			};
			name = Release;
		};
		4DD6BF041D38E2FB006426D0 /* Debug */ = {
			isa = XCBuildConfiguration;
			buildSettings = {
				ASSETCATALOG_COMPILER_APPICON_NAME = AppIcon;
				INFOPLIST_FILE = Psychologist/Info.plist;
				LD_RUNPATH_SEARCH_PATHS = "$(inherited) @executable_path/Frameworks";
				PRODUCT_BUNDLE_IDENTIFIER = com.MDJD.Psychologist;
				PRODUCT_NAME = "$(TARGET_NAME)";
			};
			name = Debug;
		};
		4DD6BF051D38E2FB006426D0 /* Release */ = {
			isa = XCBuildConfiguration;
			buildSettings = {
				ASSETCATALOG_COMPILER_APPICON_NAME = AppIcon;
				INFOPLIST_FILE = Psychologist/Info.plist;
				LD_RUNPATH_SEARCH_PATHS = "$(inherited) @executable_path/Frameworks";
				PRODUCT_BUNDLE_IDENTIFIER = com.MDJD.Psychologist;
				PRODUCT_NAME = "$(TARGET_NAME)";
			};
			name = Release;
		};
		4DD6BF071D38E2FB006426D0 /* Debug */ = {
			isa = XCBuildConfiguration;
			buildSettings = {
				BUNDLE_LOADER = "$(TEST_HOST)";
				INFOPLIST_FILE = PsychologistTests/Info.plist;
				LD_RUNPATH_SEARCH_PATHS = "$(inherited) @executable_path/Frameworks @loader_path/Frameworks";
				PRODUCT_BUNDLE_IDENTIFIER = MDJD.PsychologistTests;
				PRODUCT_NAME = "$(TARGET_NAME)";
				TEST_HOST = "$(BUILT_PRODUCTS_DIR)/Psychologist.app/Psychologist";
			};
			name = Debug;
		};
		4DD6BF081D38E2FB006426D0 /* Release */ = {
			isa = XCBuildConfiguration;
			buildSettings = {
				BUNDLE_LOADER = "$(TEST_HOST)";
				INFOPLIST_FILE = PsychologistTests/Info.plist;
				LD_RUNPATH_SEARCH_PATHS = "$(inherited) @executable_path/Frameworks @loader_path/Frameworks";
				PRODUCT_BUNDLE_IDENTIFIER = MDJD.PsychologistTests;
				PRODUCT_NAME = "$(TARGET_NAME)";
				TEST_HOST = "$(BUILT_PRODUCTS_DIR)/Psychologist.app/Psychologist";
			};
			name = Release;
		};
		4DD6BF0A1D38E2FB006426D0 /* Debug */ = {
			isa = XCBuildConfiguration;
			buildSettings = {
				INFOPLIST_FILE = PsychologistUITests/Info.plist;
				LD_RUNPATH_SEARCH_PATHS = "$(inherited) @executable_path/Frameworks @loader_path/Frameworks";
				PRODUCT_BUNDLE_IDENTIFIER = MDJD.PsychologistUITests;
				PRODUCT_NAME = "$(TARGET_NAME)";
				TEST_TARGET_NAME = Psychologist;
			};
			name = Debug;
		};
		4DD6BF0B1D38E2FB006426D0 /* Release */ = {
			isa = XCBuildConfiguration;
			buildSettings = {
				INFOPLIST_FILE = PsychologistUITests/Info.plist;
				LD_RUNPATH_SEARCH_PATHS = "$(inherited) @executable_path/Frameworks @loader_path/Frameworks";
				PRODUCT_BUNDLE_IDENTIFIER = MDJD.PsychologistUITests;
				PRODUCT_NAME = "$(TARGET_NAME)";
				TEST_TARGET_NAME = Psychologist;
			};
			name = Release;
		};
/* End XCBuildConfiguration section */

/* Begin XCConfigurationList section */
		4DD6BED61D38E2FB006426D0 /* Build configuration list for PBXProject "Psychologist" */ = {
			isa = XCConfigurationList;
			buildConfigurations = (
				4DD6BF011D38E2FB006426D0 /* Debug */,
				4DD6BF021D38E2FB006426D0 /* Release */,
			);
			defaultConfigurationIsVisible = 0;
			defaultConfigurationName = Release;
		};
		4DD6BF031D38E2FB006426D0 /* Build configuration list for PBXNativeTarget "Psychologist" */ = {
			isa = XCConfigurationList;
			buildConfigurations = (
				4DD6BF041D38E2FB006426D0 /* Debug */,
				4DD6BF051D38E2FB006426D0 /* Release */,
			);
			defaultConfigurationIsVisible = 0;
			defaultConfigurationName = Release;
		};
		4DD6BF061D38E2FB006426D0 /* Build configuration list for PBXNativeTarget "PsychologistTests" */ = {
			isa = XCConfigurationList;
			buildConfigurations = (
				4DD6BF071D38E2FB006426D0 /* Debug */,
				4DD6BF081D38E2FB006426D0 /* Release */,
			);
			defaultConfigurationIsVisible = 0;
			defaultConfigurationName = Release;
		};
		4DD6BF091D38E2FB006426D0 /* Build configuration list for PBXNativeTarget "PsychologistUITests" */ = {
			isa = XCConfigurationList;
			buildConfigurations = (
				4DD6BF0A1D38E2FB006426D0 /* Debug */,
				4DD6BF0B1D38E2FB006426D0 /* Release */,
			);
			defaultConfigurationIsVisible = 0;
			defaultConfigurationName = Release;
		};
/* End XCConfigurationList section */
	};
	rootObject = 4DD6BED31D38E2FB006426D0 /* Project object */;
}
